
Microsoft Visual Studio Solution File, Format Version 12.00
# Visual Studio Version 16
VisualStudioVersion = 16.0.30225.117
MinimumVisualStudioVersion = 10.0.40219.1
Project("{2150E333-8FDC-42A3-9474-1A3956D46DE8}") = "1.0 - Presentation", "1.0 - Presentation", "{0D52E620-FE5D-4542-9C03-E2403FE5D9F7}"
EndProject
Project("{2150E333-8FDC-42A3-9474-1A3956D46DE8}") = "2.0 - Application", "2.0 - Application", "{C8AA61D7-B8C8-4C06-B101-A4D4F0C62880}"
EndProject
Project("{2150E333-8FDC-42A3-9474-1A3956D46DE8}") = "3.0 - Domain", "3.0 - Domain", "{89A714B5-C1A9-4CB9-9818-8E5B0A131C27}"
EndProject
Project("{2150E333-8FDC-42A3-9474-1A3956D46DE8}") = "4.0 - Infra", "4.0 - Infra", "{30AC0736-5C7D-4243-B933-EDBC24EC9E1A}"
EndProject
Project("{2150E333-8FDC-42A3-9474-1A3956D46DE8}") = "4.1- Data", "4.1- Data", "{7E7BFC2F-2122-4EE2-B207-D055B55E14B4}"
EndProject
Project("{2150E333-8FDC-42A3-9474-1A3956D46DE8}") = "4.2 - Cross", "4.2 - Cross", "{C6898ABD-D2F6-4AE7-9CEF-839CD9977BCD}"
EndProject
Project("{2150E333-8FDC-42A3-9474-1A3956D46DE8}") = "4.3 - Util", "4.3 - Util", "{212B9926-C5B9-45BC-AA26-448A4745D6EA}"
EndProject
Project("{FAE04EC0-301F-11D3-BF4B-00C04F79EFBC}") = "WebAPI.Presentation", "WebAPI.Presentation\WebAPI.Presentation.csproj", "{F6BD5861-BC06-4F6F-92DE-8FF09CBB8551}"
EndProject
Project("{FAE04EC0-301F-11D3-BF4B-00C04F79EFBC}") = "WebAPI.Application", "WebAPI.Application\WebAPI.Application.csproj", "{513E080C-CD04-4569-8E4B-24658FB62AA5}"
EndProject
Project("{FAE04EC0-301F-11D3-BF4B-00C04F79EFBC}") = "WebAPI.Application.DTO", "WebAPI.Application.DTO\WebAPI.Application.DTO.csproj", "{B9BADAFF-B53F-4B06-A365-A3FD4B8AF325}"
EndProject
Project("{FAE04EC0-301F-11D3-BF4B-00C04F79EFBC}") = "Modelo.Domain", "Modelo.Domain\Modelo.Domain.csproj", "{2D45AB2A-C28B-40A4-9273-491AB6EDE7BB}"
EndProject
Project("{FAE04EC0-301F-11D3-BF4B-00C04F79EFBC}") = "Modelo.Domain.Core", "Modelo.Domain.Core\Modelo.Domain.Core.csproj", "{63D7B01F-601F-4239-BECB-20A54D67F341}"
EndProject
Project("{FAE04EC0-301F-11D3-BF4B-00C04F79EFBC}") = "Modelo.Domain.Services", "Modelo.Domain.Services\Modelo.Domain.Services.csproj", "{AEB71F56-3BE0-4751-BC25-23299BEBE513}"
EndProject
Project("{FAE04EC0-301F-11D3-BF4B-00C04F79EFBC}") = "WebAPI.Infra.Data", "WebAPI.Infra.Data\WebAPI.Infra.Data.csproj", "{D5D0D1D1-59C0-47CC-92E9-60CFFE432FC9}"
EndProject
Project("{FAE04EC0-301F-11D3-BF4B-00C04F79EFBC}") = "WebAPI.Infra.Repository", "WebAPI.Infra.Repository\WebAPI.Infra.Repository.csproj", "{1F6EBA51-5608-481D-B350-4A9331AB7215}"
EndProject
Project("{FAE04EC0-301F-11D3-BF4B-00C04F79EFBC}") = "WebAPI.Infra.Cross.Adapter", "WebAPI.Infra.Cross.Adapter\WebAPI.Infra.Cross.Adapter.csproj", "{AF85C89B-0208-4791-A6EC-8EE330BAFCF7}"
EndProject
Project("{FAE04EC0-301F-11D3-BF4B-00C04F79EFBC}") = "WebAPI.Infra.Cross.IOC", "WebAPI.Infra.Cross.IOC\WebAPI.Infra.Cross.IOC.csproj", "{D9773D87-F293-4372-AF26-81FE0A13FCC4}"
EndProject
Project("{FAE04EC0-301F-11D3-BF4B-00C04F79EFBC}") = "WebAPI.Util", "Util\WebAPI.Util.csproj", "{AEA3F03D-7126-48C2-BE26-C0B112B12EAF}"
EndProject
Global
	GlobalSection(SolutionConfigurationPlatforms) = preSolution
		Debug|Any CPU = Debug|Any CPU
		Release|Any CPU = Release|Any CPU
	EndGlobalSection
	GlobalSection(ProjectConfigurationPlatforms) = postSolution
		{F6BD5861-BC06-4F6F-92DE-8FF09CBB8551}.Debug|Any CPU.ActiveCfg = Debug|Any CPU
		{F6BD5861-BC06-4F6F-92DE-8FF09CBB8551}.Debug|Any CPU.Build.0 = Debug|Any CPU
		{F6BD5861-BC06-4F6F-92DE-8FF09CBB8551}.Release|Any CPU.ActiveCfg = Release|Any CPU
		{F6BD5861-BC06-4F6F-92DE-8FF09CBB8551}.Release|Any CPU.Build.0 = Release|Any CPU
		{513E080C-CD04-4569-8E4B-24658FB62AA5}.Debug|Any CPU.ActiveCfg = Debug|Any CPU
		{513E080C-CD04-4569-8E4B-24658FB62AA5}.Debug|Any CPU.Build.0 = Debug|Any CPU
		{513E080C-CD04-4569-8E4B-24658FB62AA5}.Release|Any CPU.ActiveCfg = Release|Any CPU
		{513E080C-CD04-4569-8E4B-24658FB62AA5}.Release|Any CPU.Build.0 = Release|Any CPU
		{B9BADAFF-B53F-4B06-A365-A3FD4B8AF325}.Debug|Any CPU.ActiveCfg = Debug|Any CPU
		{B9BADAFF-B53F-4B06-A365-A3FD4B8AF325}.Debug|Any CPU.Build.0 = Debug|Any CPU
		{B9BADAFF-B53F-4B06-A365-A3FD4B8AF325}.Release|Any CPU.ActiveCfg = Release|Any CPU
		{B9BADAFF-B53F-4B06-A365-A3FD4B8AF325}.Release|Any CPU.Build.0 = Release|Any CPU
		{2D45AB2A-C28B-40A4-9273-491AB6EDE7BB}.Debug|Any CPU.ActiveCfg = Debug|Any CPU
		{2D45AB2A-C28B-40A4-9273-491AB6EDE7BB}.Debug|Any CPU.Build.0 = Debug|Any CPU
		{2D45AB2A-C28B-40A4-9273-491AB6EDE7BB}.Release|Any CPU.ActiveCfg = Release|Any CPU
		{2D45AB2A-C28B-40A4-9273-491AB6EDE7BB}.Release|Any CPU.Build.0 = Release|Any CPU
		{63D7B01F-601F-4239-BECB-20A54D67F341}.Debug|Any CPU.ActiveCfg = Debug|Any CPU
		{63D7B01F-601F-4239-BECB-20A54D67F341}.Debug|Any CPU.Build.0 = Debug|Any CPU
		{63D7B01F-601F-4239-BECB-20A54D67F341}.Release|Any CPU.ActiveCfg = Release|Any CPU
		{63D7B01F-601F-4239-BECB-20A54D67F341}.Release|Any CPU.Build.0 = Release|Any CPU
		{AEB71F56-3BE0-4751-BC25-23299BEBE513}.Debug|Any CPU.ActiveCfg = Debug|Any CPU
		{AEB71F56-3BE0-4751-BC25-23299BEBE513}.Debug|Any CPU.Build.0 = Debug|Any CPU
		{AEB71F56-3BE0-4751-BC25-23299BEBE513}.Release|Any CPU.ActiveCfg = Release|Any CPU
		{AEB71F56-3BE0-4751-BC25-23299BEBE513}.Release|Any CPU.Build.0 = Release|Any CPU
		{D5D0D1D1-59C0-47CC-92E9-60CFFE432FC9}.Debug|Any CPU.ActiveCfg = Debug|Any CPU
		{D5D0D1D1-59C0-47CC-92E9-60CFFE432FC9}.Debug|Any CPU.Build.0 = Debug|Any CPU
		{D5D0D1D1-59C0-47CC-92E9-60CFFE432FC9}.Release|Any CPU.ActiveCfg = Release|Any CPU
		{D5D0D1D1-59C0-47CC-92E9-60CFFE432FC9}.Release|Any CPU.Build.0 = Release|Any CPU
		{1F6EBA51-5608-481D-B350-4A9331AB7215}.Debug|Any CPU.ActiveCfg = Debug|Any CPU
		{1F6EBA51-5608-481D-B350-4A9331AB7215}.Debug|Any CPU.Build.0 = Debug|Any CPU
		{1F6EBA51-5608-481D-B350-4A9331AB7215}.Release|Any CPU.ActiveCfg = Release|Any CPU
		{1F6EBA51-5608-481D-B350-4A9331AB7215}.Release|Any CPU.Build.0 = Release|Any CPU
		{AF85C89B-0208-4791-A6EC-8EE330BAFCF7}.Debug|Any CPU.ActiveCfg = Debug|Any CPU
		{AF85C89B-0208-4791-A6EC-8EE330BAFCF7}.Debug|Any CPU.Build.0 = Debug|Any CPU
		{AF85C89B-0208-4791-A6EC-8EE330BAFCF7}.Release|Any CPU.ActiveCfg = Release|Any CPU
		{AF85C89B-0208-4791-A6EC-8EE330BAFCF7}.Release|Any CPU.Build.0 = Release|Any CPU
		{D9773D87-F293-4372-AF26-81FE0A13FCC4}.Debug|Any CPU.ActiveCfg = Debug|Any CPU
		{D9773D87-F293-4372-AF26-81FE0A13FCC4}.Debug|Any CPU.Build.0 = Debug|Any CPU
		{D9773D87-F293-4372-AF26-81FE0A13FCC4}.Release|Any CPU.ActiveCfg = Release|Any CPU
		{D9773D87-F293-4372-AF26-81FE0A13FCC4}.Release|Any CPU.Build.0 = Release|Any CPU
		{AEA3F03D-7126-48C2-BE26-C0B112B12EAF}.Debug|Any CPU.ActiveCfg = Debug|Any CPU
		{AEA3F03D-7126-48C2-BE26-C0B112B12EAF}.Debug|Any CPU.Build.0 = Debug|Any CPU
		{AEA3F03D-7126-48C2-BE26-C0B112B12EAF}.Release|Any CPU.ActiveCfg = Release|Any CPU
		{AEA3F03D-7126-48C2-BE26-C0B112B12EAF}.Release|Any CPU.Build.0 = Release|Any CPU
	EndGlobalSection
	GlobalSection(SolutionProperties) = preSolution
		HideSolutionNode = FALSE
	EndGlobalSection
	GlobalSection(NestedProjects) = preSolution
		{7E7BFC2F-2122-4EE2-B207-D055B55E14B4} = {30AC0736-5C7D-4243-B933-EDBC24EC9E1A}
		{C6898ABD-D2F6-4AE7-9CEF-839CD9977BCD} = {30AC0736-5C7D-4243-B933-EDBC24EC9E1A}
		{212B9926-C5B9-45BC-AA26-448A4745D6EA} = {30AC0736-5C7D-4243-B933-EDBC24EC9E1A}
		{F6BD5861-BC06-4F6F-92DE-8FF09CBB8551} = {0D52E620-FE5D-4542-9C03-E2403FE5D9F7}
		{513E080C-CD04-4569-8E4B-24658FB62AA5} = {C8AA61D7-B8C8-4C06-B101-A4D4F0C62880}
		{B9BADAFF-B53F-4B06-A365-A3FD4B8AF325} = {C8AA61D7-B8C8-4C06-B101-A4D4F0C62880}
		{2D45AB2A-C28B-40A4-9273-491AB6EDE7BB} = {89A714B5-C1A9-4CB9-9818-8E5B0A131C27}
		{63D7B01F-601F-4239-BECB-20A54D67F341} = {89A714B5-C1A9-4CB9-9818-8E5B0A131C27}
		{AEB71F56-3BE0-4751-BC25-23299BEBE513} = {89A714B5-C1A9-4CB9-9818-8E5B0A131C27}
		{D5D0D1D1-59C0-47CC-92E9-60CFFE432FC9} = {7E7BFC2F-2122-4EE2-B207-D055B55E14B4}
		{1F6EBA51-5608-481D-B350-4A9331AB7215} = {7E7BFC2F-2122-4EE2-B207-D055B55E14B4}
		{AF85C89B-0208-4791-A6EC-8EE330BAFCF7} = {C6898ABD-D2F6-4AE7-9CEF-839CD9977BCD}
		{D9773D87-F293-4372-AF26-81FE0A13FCC4} = {C6898ABD-D2F6-4AE7-9CEF-839CD9977BCD}
		{AEA3F03D-7126-48C2-BE26-C0B112B12EAF} = {212B9926-C5B9-45BC-AA26-448A4745D6EA}
	EndGlobalSection
	GlobalSection(ExtensibilityGlobals) = postSolution
		SolutionGuid = {F4055BFB-99D2-4B54-83B7-55E9810C8290}
	EndGlobalSection
EndGlobal
